{
    "_meta": {
        "hash": {
            "sha256": "b836fd153c33c970e794f7db7dc9783ff15dbd705eee1d3ea357611abcfa5e61"
        },
        "pipfile-spec": 6,
        "requires": {
            "python_version": "3.6"
        },
        "sources": [
            {
                "name": "pypi",
                "url": "https://pypi.org/simple",
                "verify_ssl": true
            }
        ]
    },
    "default": {
        "click": {
            "hashes": [
                "sha256:29f99fc6125fbc931b758dc053b3114e55c77a6e4c6c3a2674a2dc986016381d",
                "sha256:f15516df478d5a56180fbf80e68f206010e6d160fc39fa508b65e035fd75130b"
            ],
            "version": "==6.7"
        },
        "dxf-ruler-generator": {
            "hashes": [
                "sha256:7b53325997da57de9fad3d154d4e64a1f7e03fd25e61c19c6e0eaba3751e7e9c",
                "sha256:f7d2b92313bc3a42cd1dc196749608fa26db6e45b02ae2d256987ebf627229b0"
            ],
            "index": "pypi",
            "version": "==0.0.3"
        },
        "ezdxf": {
            "hashes": [
                "sha256:1dc7191c8a997c4016fb5277be2b9cd80fc1938a41b3fc08b747ec4294e8cc40",
                "sha256:f8d7e90797fbacfc882c782bb5b6582179def781c57807e1e1cb6a497678deae"
            ],
            "version": "==0.8.8"
        },
        "flask": {
            "hashes": [
                "sha256:2271c0070dbcb5275fad4a82e29f23ab92682dc45f9dfbc22c02ba9b9322ce48",
                "sha256:a080b744b7e345ccfcbc77954861cb05b3c63786e93f2b3875e0913d44b43f05"
            ],
            "index": "pypi",
            "version": "==1.0.2"
        },
        "flask-cors": {
            "hashes": [
                "sha256:e4c8fc15d3e4b4cce6d3b325f2bab91e0e09811a61f50d7a53493bc44242a4f1",
                "sha256:ecc016c5b32fa5da813ec8d272941cfddf5f6bba9060c405a70285415cbf24c9"
            ],
            "index": "pypi",
            "version": "==3.0.6"
        },
        "flask-sslify": {
            "hashes": [
                "sha256:d33e1d3c09cd95154176aa8a7319418e52129fc482dd56d8a8ad7c24500d543e"
            ],
            "index": "pypi",
            "version": "==0.1.5"
        },
        "gunicorn": {
            "hashes": [
                "sha256:aa8e0b40b4157b36a5df5e599f45c9c76d6af43845ba3b3b0efe2c70473c2471",
                "sha256:fa2662097c66f920f53f70621c6c58ca4a3c4d3434205e608e121b5b3b71f4f3"
            ],
            "index": "pypi",
            "version": "==19.9.0"
        },
        "itsdangerous": {
            "hashes": [
                "sha256:cbb3fcf8d3e33df861709ecaf89d9e6629cff0a217bc2848f1b41cd30d360519"
            ],
            "version": "==0.24"
        },
        "jinja2": {
            "hashes": [
                "sha256:74c935a1b8bb9a3947c50a54766a969d4846290e1e788ea44c1392163723c3bd",
                "sha256:f84be1bb0040caca4cea721fcbbbbd61f9be9464ca236387158b0feea01914a4"
            ],
            "version": "==2.10"
        },
        "markupsafe": {
            "hashes": [
                "sha256:a6be69091dac236ea9c6bc7d012beab42010fa914c459791d627dad4910eb665"
            ],
            "version": "==1.0"
        },
        "pyparsing": {
            "hashes": [
                "sha256:0832bcf47acd283788593e7a0f542407bd9550a55a8a8435214a1960e04bcb04",
                "sha256:281683241b25fe9b80ec9d66017485f6deff1af5cde372469134b56ca8447a07",
                "sha256:8f1e18d3fd36c6795bb7e02a39fd05c611ffc2596c1e0d995d34d67630426c18",
                "sha256:9e8143a3e15c13713506886badd96ca4b579a87fbdf49e550dbfc057d6cb218e",
                "sha256:b8b3117ed9bdf45e14dcc89345ce638ec7e0e29b2b579fa1ecf32ce45ebac8a5",
                "sha256:e4d45427c6e20a59bf4f88c639dcc03ce30d193112047f94012102f235853a58",
                "sha256:fee43f17a9c4087e7ed1605bd6df994c6173c1e977d7ade7b651292fab2bd010"
            ],
            "version": "==2.2.0"
        },
        "python-dotenv": {
            "hashes": [
                "sha256:4965ed170bf51c347a89820e8050655e9c25db3837db6602e906b6d850fad85c",
                "sha256:509736185257111613009974e666568a1b031b028b61b500ef1ab4ee780089d5"
            ],
            "index": "pypi",
            "version": "==0.8.2"
        },
        "six": {
            "hashes": [
                "sha256:70e8a77beed4562e7f14fe23a786b54f6296e34344c23bc42f07b15018ff98e9",
                "sha256:832dc0e10feb1aa2c68dcc57dbb658f1c7e65b9b61af69048abc87a2db00a0eb"
            ],
            "version": "==1.11.0"
        },
        "werkzeug": {
            "hashes": [
                "sha256:c3fd7a7d41976d9f44db327260e263132466836cef6f91512889ed60ad26557c",
                "sha256:d5da73735293558eb1651ee2fddc4d0dedcfa06538b8813a2e20011583c9e49b"
            ],
            "version": "==0.14.1"
        }
    },
    "develop": {}
}
